
Microsoft Visual Studio Solution File, Format Version 12.00
# Visual Studio 15
VisualStudioVersion = 15.0.28307.271
MinimumVisualStudioVersion = 10.0.40219.1
Project("{FAE04EC0-301F-11D3-BF4B-00C04F79EFBC}") = "QuanLyXeCong", "QuanLyXeCong\QuanLyXeCong.csproj", "{414E5D42-251C-431D-9D69-EC4CFDD672E5}"
EndProject
Global
	GlobalSection(SolutionConfigurationPlatforms) = preSolution
		Debug|Any CPU = Debug|Any CPU
		Release|Any CPU = Release|Any CPU
	EndGlobalSection
	GlobalSection(ProjectConfigurationPlatforms) = postSolution
		{414E5D42-251C-431D-9D69-EC4CFDD672E5}.Debug|Any CPU.ActiveCfg = Debug|Any CPU
		{414E5D42-251C-431D-9D69-EC4CFDD672E5}.Debug|Any CPU.Build.0 = Debug|Any CPU
		{414E5D42-251C-431D-9D69-EC4CFDD672E5}.Release|Any CPU.ActiveCfg = Release|Any CPU
		{414E5D42-251C-431D-9D69-EC4CFDD672E5}.Release|Any CPU.Build.0 = Release|Any CPU
	EndGlobalSection
	GlobalSection(SolutionProperties) = preSolution
		HideSolutionNode = FALSE
	EndGlobalSection
	GlobalSection(ExtensibilityGlobals) = postSolution
		SolutionGuid = {03634179-FB90-462A-8F0D-A19B5081565B}
	EndGlobalSection
EndGlobal
